
Microsoft Visual Studio Solution File, Format Version 12.00
# Visual Studio Version 17
VisualStudioVersion = 17.2.32630.192
MinimumVisualStudioVersion = 10.0.40219.1
Project("{9A19103F-16F7-4668-BE54-9A1E7A4F7556}") = "NoteManagerApp", "NoteManagerApp\NoteManagerApp.csproj", "{CE74DC51-53BD-45CD-8603-D328821540ED}"
EndProject
Project("{FAE04EC0-301F-11D3-BF4B-00C04F79EFBC}") = "NoteManagerApp.Tests", "NoteManagerApp.Tests\NoteManagerApp.Tests.csproj", "{B2773904-0ACF-454C-B234-CFF02CBB5685}"
EndProject
Global
	GlobalSection(SolutionConfigurationPlatforms) = preSolution
		Debug|Any CPU = Debug|Any CPU
		Release|Any CPU = Release|Any CPU
	EndGlobalSection
	GlobalSection(ProjectConfigurationPlatforms) = postSolution
		{CE74DC51-53BD-45CD-8603-D328821540ED}.Debug|Any CPU.ActiveCfg = Debug|Any CPU
		{CE74DC51-53BD-45CD-8603-D328821540ED}.Debug|Any CPU.Build.0 = Debug|Any CPU
		{CE74DC51-53BD-45CD-8603-D328821540ED}.Release|Any CPU.ActiveCfg = Release|Any CPU
		{CE74DC51-53BD-45CD-8603-D328821540ED}.Release|Any CPU.Build.0 = Release|Any CPU
		{B2773904-0ACF-454C-B234-CFF02CBB5685}.Debug|Any CPU.ActiveCfg = Debug|Any CPU
		{B2773904-0ACF-454C-B234-CFF02CBB5685}.Debug|Any CPU.Build.0 = Debug|Any CPU
		{B2773904-0ACF-454C-B234-CFF02CBB5685}.Release|Any CPU.ActiveCfg = Release|Any CPU
		{B2773904-0ACF-454C-B234-CFF02CBB5685}.Release|Any CPU.Build.0 = Release|Any CPU
	EndGlobalSection
	GlobalSection(SolutionProperties) = preSolution
		HideSolutionNode = FALSE
	EndGlobalSection
	GlobalSection(ExtensibilityGlobals) = postSolution
		SolutionGuid = {851885B0-CDEF-4EDF-87EB-D6D22F117772}
	EndGlobalSection
EndGlobal
